
Microsoft Visual Studio Solution File, Format Version 12.00
# Visual Studio Version 17
VisualStudioVersion = 17.14.36811.4 d17.14
MinimumVisualStudioVersion = 10.0.40219.1
Project("{FAE04EC0-301F-11D3-BF4B-00C04F79EFBC}") = "GATEWAYAPI", "GATEWAYAPI\GATEWAYAPI.csproj", "{4E7F2099-EF42-48AF-9F99-E52987BB380E}"
EndProject
Global
	GlobalSection(SolutionConfigurationPlatforms) = preSolution
		Debug|Any CPU = Debug|Any CPU
		Release|Any CPU = Release|Any CPU
	EndGlobalSection
	GlobalSection(ProjectConfigurationPlatforms) = postSolution
		{4E7F2099-EF42-48AF-9F99-E52987BB380E}.Debug|Any CPU.ActiveCfg = Debug|Any CPU
		{4E7F2099-EF42-48AF-9F99-E52987BB380E}.Debug|Any CPU.Build.0 = Debug|Any CPU
		{4E7F2099-EF42-48AF-9F99-E52987BB380E}.Release|Any CPU.ActiveCfg = Release|Any CPU
		{4E7F2099-EF42-48AF-9F99-E52987BB380E}.Release|Any CPU.Build.0 = Release|Any CPU
	EndGlobalSection
	GlobalSection(SolutionProperties) = preSolution
		HideSolutionNode = FALSE
	EndGlobalSection
	GlobalSection(ExtensibilityGlobals) = postSolution
		SolutionGuid = {1D35E3F4-EB50-4DE4-A4A5-047D83994E03}
	EndGlobalSection
EndGlobal
